// !$*UTF8*$!
{
	archiveVersion = 1;
	classes = {
	};
	objectVersion = 77;
	objects = {

/* Begin PBXContainerItemProxy section */
		61BEC0A92CD189750088D059 /* PBXContainerItemProxy */ = {
			isa = PBXContainerItemProxy;
			containerPortal = 61BEC0902CD189730088D059 /* Project object */;
			proxyType = 1;
			remoteGlobalIDString = 61BEC0972CD189730088D059;
			remoteInfo = "MIDTERMHarshit singh kohli";
		};
		61BEC0B32CD189750088D059 /* PBXContainerItemProxy */ = {
			isa = PBXContainerItemProxy;
			containerPortal = 61BEC0902CD189730088D059 /* Project object */;
			proxyType = 1;
			remoteGlobalIDString = 61BEC0972CD189730088D059;
			remoteInfo = "MIDTERMHarshit singh kohli";
		};
/* End PBXContainerItemProxy section */

/* Begin PBXFileReference section */
		61BEC0982CD189730088D059 /* MIDTERMHarshit singh kohli.app */ = {isa = PBXFileReference; explicitFileType = wrapper.application; includeInIndex = 0; path = "MIDTERMHarshit singh kohli.app"; sourceTree = BUILT_PRODUCTS_DIR; };
		61BEC0A82CD189750088D059 /* MIDTERMHarshit singh kohliTests.xctest */ = {isa = PBXFileReference; explicitFileType = wrapper.cfbundle; includeInIndex = 0; path = "MIDTERMHarshit singh kohliTests.xctest"; sourceTree = BUILT_PRODUCTS_DIR; };
		61BEC0B22CD189750088D059 /* MIDTERMHarshit singh kohliUITests.xctest */ = {isa = PBXFileReference; explicitFileType = wrapper.cfbundle; includeInIndex = 0; path = "MIDTERMHarshit singh kohliUITests.xctest"; sourceTree = BUILT_PRODUCTS_DIR; };
/* End PBXFileReference section */

/* Begin PBXFileSystemSynchronizedRootGroup section */
		61BEC09A2CD189730088D059 /* MIDTERMHarshit singh kohli */ = {
			isa = PBXFileSystemSynchronizedRootGroup;
			path = "MIDTERMHarshit singh kohli";
			sourceTree = "<group>";
		};
		61BEC0AB2CD189750088D059 /* MIDTERMHarshit singh kohliTests */ = {
			isa = PBXFileSystemSynchronizedRootGroup;
			path = "MIDTERMHarshit singh kohliTests";
			sourceTree = "<group>";
		};
		61BEC0B52CD189750088D059 /* MIDTERMHarshit singh kohliUITests */ = {
			isa = PBXFileSystemSynchronizedRootGroup;
			path = "MIDTERMHarshit singh kohliUITests";
			sourceTree = "<group>";
		};
/* End PBXFileSystemSynchronizedRootGroup section */

/* Begin PBXFrameworksBuildPhase section */
		61BEC0952CD189730088D059 /* Frameworks */ = {
			isa = PBXFrameworksBuildPhase;
			buildActionMask = 2147483647;
			files = (
			);
			runOnlyForDeploymentPostprocessing = 0;
		};
		61BEC0A52CD189750088D059 /* Frameworks */ = {
			isa = PBXFrameworksBuildPhase;
			buildActionMask = 2147483647;
			files = (
			);
			runOnlyForDeploymentPostprocessing = 0;
		};
		61BEC0AF2CD189750088D059 /* Frameworks */ = {
			isa = PBXFrameworksBuildPhase;
			buildActionMask = 2147483647;
			files = (
			);
			runOnlyForDeploymentPostprocessing = 0;
		};
/* End PBXFrameworksBuildPhase section */

/* Begin PBXGroup section */
		61BEC08F2CD189730088D059 = {
			isa = PBXGroup;
			children = (
				61BEC09A2CD189730088D059 /* MIDTERMHarshit singh kohli */,
				61BEC0AB2CD189750088D059 /* MIDTERMHarshit singh kohliTests */,
				61BEC0B52CD189750088D059 /* MIDTERMHarshit singh kohliUITests */,
				61BEC0992CD189730088D059 /* Products */,
			);
			sourceTree = "<group>";
		};
		61BEC0992CD189730088D059 /* Products */ = {
			isa = PBXGroup;
			children = (
				61BEC0982CD189730088D059 /* MIDTERMHarshit singh kohli.app */,
				61BEC0A82CD189750088D059 /* MIDTERMHarshit singh kohliTests.xctest */,
				61BEC0B22CD189750088D059 /* MIDTERMHarshit singh kohliUITests.xctest */,
			);
			name = Products;
			sourceTree = "<group>";
		};
/* End PBXGroup section */

/* Begin PBXNativeTarget section */
		61BEC0972CD189730088D059 /* MIDTERMHarshit singh kohli */ = {
			isa = PBXNativeTarget;
			buildConfigurationList = 61BEC0BC2CD189750088D059 /* Build configuration list for PBXNativeTarget "MIDTERMHarshit singh kohli" */;
			buildPhases = (
				61BEC0942CD189730088D059 /* Sources */,
				61BEC0952CD189730088D059 /* Frameworks */,
				61BEC0962CD189730088D059 /* Resources */,
			);
			buildRules = (
			);
			dependencies = (
			);
			fileSystemSynchronizedGroups = (
				61BEC09A2CD189730088D059 /* MIDTERMHarshit singh kohli */,
			);
			name = "MIDTERMHarshit singh kohli";
			packageProductDependencies = (
			);
			productName = "MIDTERMHarshit singh kohli";
			productReference = 61BEC0982CD189730088D059 /* MIDTERMHarshit singh kohli.app */;
			productType = "com.apple.product-type.application";
		};
		61BEC0A72CD189750088D059 /* MIDTERMHarshit singh kohliTests */ = {
			isa = PBXNativeTarget;
			buildConfigurationList = 61BEC0BF2CD189750088D059 /* Build configuration list for PBXNativeTarget "MIDTERMHarshit singh kohliTests" */;
			buildPhases = (
				61BEC0A42CD189750088D059 /* Sources */,
				61BEC0A52CD189750088D059 /* Frameworks */,
				61BEC0A62CD189750088D059 /* Resources */,
			);
			buildRules = (
			);
			dependencies = (
				61BEC0AA2CD189750088D059 /* PBXTargetDependency */,
			);
			fileSystemSynchronizedGroups = (
				61BEC0AB2CD189750088D059 /* MIDTERMHarshit singh kohliTests */,
			);
			name = "MIDTERMHarshit singh kohliTests";
			packageProductDependencies = (
			);
			productName = "MIDTERMHarshit singh kohliTests";
			productReference = 61BEC0A82CD189750088D059 /* MIDTERMHarshit singh kohliTests.xctest */;
			productType = "com.apple.product-type.bundle.unit-test";
		};
		61BEC0B12CD189750088D059 /* MIDTERMHarshit singh kohliUITests */ = {
			isa = PBXNativeTarget;
			buildConfigurationList = 61BEC0C22CD189750088D059 /* Build configuration list for PBXNativeTarget "MIDTERMHarshit singh kohliUITests" */;
			buildPhases = (
				61BEC0AE2CD189750088D059 /* Sources */,
				61BEC0AF2CD189750088D059 /* Frameworks */,
				61BEC0B02CD189750088D059 /* Resources */,
			);
			buildRules = (
			);
			dependencies = (
				61BEC0B42CD189750088D059 /* PBXTargetDependency */,
			);
			fileSystemSynchronizedGroups = (
				61BEC0B52CD189750088D059 /* MIDTERMHarshit singh kohliUITests */,
			);
			name = "MIDTERMHarshit singh kohliUITests";
			packageProductDependencies = (
			);
			productName = "MIDTERMHarshit singh kohliUITests";
			productReference = 61BEC0B22CD189750088D059 /* MIDTERMHarshit singh kohliUITests.xctest */;
			productType = "com.apple.product-type.bundle.ui-testing";
		};
/* End PBXNativeTarget section */

/* Begin PBXProject section */
		61BEC0902CD189730088D059 /* Project object */ = {
			isa = PBXProject;
			attributes = {
				BuildIndependentTargetsInParallel = 1;
				LastSwiftUpdateCheck = 1600;
				LastUpgradeCheck = 1600;
				TargetAttributes = {
					61BEC0972CD189730088D059 = {
						CreatedOnToolsVersion = 16.0;
					};
					61BEC0A72CD189750088D059 = {
						CreatedOnToolsVersion = 16.0;
						TestTargetID = 61BEC0972CD189730088D059;
					};
					61BEC0B12CD189750088D059 = {
						CreatedOnToolsVersion = 16.0;
						TestTargetID = 61BEC0972CD189730088D059;
					};
				};
			};
			buildConfigurationList = 61BEC0932CD189730088D059 /* Build configuration list for PBXProject "MIDTERMHarshit singh kohli" */;
			developmentRegion = en;
			hasScannedForEncodings = 0;
			knownRegions = (
				en,
				Base,
			);
			mainGroup = 61BEC08F2CD189730088D059;
			minimizedProjectReferenceProxies = 1;
			preferredProjectObjectVersion = 77;
			productRefGroup = 61BEC0992CD189730088D059 /* Products */;
			projectDirPath = "";
			projectRoot = "";
			targets = (
				61BEC0972CD189730088D059 /* MIDTERMHarshit singh kohli */,
				61BEC0A72CD189750088D059 /* MIDTERMHarshit singh kohliTests */,
				61BEC0B12CD189750088D059 /* MIDTERMHarshit singh kohliUITests */,
			);
		};
/* End PBXProject section */

/* Begin PBXResourcesBuildPhase section */
		61BEC0962CD189730088D059 /* Resources */ = {
			isa = PBXResourcesBuildPhase;
			buildActionMask = 2147483647;
			files = (
			);
			runOnlyForDeploymentPostprocessing = 0;
		};
		61BEC0A62CD189750088D059 /* Resources */ = {
			isa = PBXResourcesBuildPhase;
			buildActionMask = 2147483647;
			files = (
			);
			runOnlyForDeploymentPostprocessing = 0;
		};
		61BEC0B02CD189750088D059 /* Resources */ = {
			isa = PBXResourcesBuildPhase;
			buildActionMask = 2147483647;
			files = (
			);
			runOnlyForDeploymentPostprocessing = 0;
		};
/* End PBXResourcesBuildPhase section */

/* Begin PBXSourcesBuildPhase section */
		61BEC0942CD189730088D059 /* Sources */ = {
			isa = PBXSourcesBuildPhase;
			buildActionMask = 2147483647;
			files = (
			);
			runOnlyForDeploymentPostprocessing = 0;
		};
		61BEC0A42CD189750088D059 /* Sources */ = {
			isa = PBXSourcesBuildPhase;
			buildActionMask = 2147483647;
			files = (
			);
			runOnlyForDeploymentPostprocessing = 0;
		};
		61BEC0AE2CD189750088D059 /* Sources */ = {
			isa = PBXSourcesBuildPhase;
			buildActionMask = 2147483647;
			files = (
			);
			runOnlyForDeploymentPostprocessing = 0;
		};
/* End PBXSourcesBuildPhase section */

/* Begin PBXTargetDependency section */
		61BEC0AA2CD189750088D059 /* PBXTargetDependency */ = {
			isa = PBXTargetDependency;
			target = 61BEC0972CD189730088D059 /* MIDTERMHarshit singh kohli */;
			targetProxy = 61BEC0A92CD189750088D059 /* PBXContainerItemProxy */;
		};
		61BEC0B42CD189750088D059 /* PBXTargetDependency */ = {
			isa = PBXTargetDependency;
			target = 61BEC0972CD189730088D059 /* MIDTERMHarshit singh kohli */;
			targetProxy = 61BEC0B32CD189750088D059 /* PBXContainerItemProxy */;
		};
/* End PBXTargetDependency section */

/* Begin XCBuildConfiguration section */
		61BEC0BA2CD189750088D059 /* Debug */ = {
			isa = XCBuildConfiguration;
			buildSettings = {
				ALWAYS_SEARCH_USER_PATHS = NO;
				ASSETCATALOG_COMPILER_GENERATE_SWIFT_ASSET_SYMBOL_EXTENSIONS = YES;
				CLANG_ANALYZER_NONNULL = YES;
				CLANG_ANALYZER_NUMBER_OBJECT_CONVERSION = YES_AGGRESSIVE;
				CLANG_CXX_LANGUAGE_STANDARD = "gnu++20";
				CLANG_ENABLE_MODULES = YES;
				CLANG_ENABLE_OBJC_ARC = YES;
				CLANG_ENABLE_OBJC_WEAK = YES;
				CLANG_WARN_BLOCK_CAPTURE_AUTORELEASING = YES;
				CLANG_WARN_BOOL_CONVERSION = YES;
				CLANG_WARN_COMMA = YES;
				CLANG_WARN_CONSTANT_CONVERSION = YES;
				CLANG_WARN_DEPRECATED_OBJC_IMPLEMENTATIONS = YES;
				CLANG_WARN_DIRECT_OBJC_ISA_USAGE = YES_ERROR;
				CLANG_WARN_DOCUMENTATION_COMMENTS = YES;
				CLANG_WARN_EMPTY_BODY = YES;
				CLANG_WARN_ENUM_CONVERSION = YES;
				CLANG_WARN_INFINITE_RECURSION = YES;
				CLANG_WARN_INT_CONVERSION = YES;
				CLANG_WARN_NON_LITERAL_NULL_CONVERSION = YES;
				CLANG_WARN_OBJC_IMPLICIT_RETAIN_SELF = YES;
				CLANG_WARN_OBJC_LITERAL_CONVERSION = YES;
				CLANG_WARN_OBJC_ROOT_CLASS = YES_ERROR;
				CLANG_WARN_QUOTED_INCLUDE_IN_FRAMEWORK_HEADER = YES;
				CLANG_WARN_RANGE_LOOP_ANALYSIS = YES;
				CLANG_WARN_STRICT_PROTOTYPES = YES;
				CLANG_WARN_SUSPICIOUS_MOVE = YES;
				CLANG_WARN_UNGUARDED_AVAILABILITY = YES_AGGRESSIVE;
				CLANG_WARN_UNREACHABLE_CODE = YES;
				CLANG_WARN__DUPLICATE_METHOD_MATCH = YES;
				COPY_PHASE_STRIP = NO;
				DEBUG_INFORMATION_FORMAT = dwarf;
				ENABLE_STRICT_OBJC_MSGSEND = YES;
				ENABLE_TESTABILITY = YES;
				ENABLE_USER_SCRIPT_SANDBOXING = YES;
				GCC_C_LANGUAGE_STANDARD = gnu17;
				GCC_DYNAMIC_NO_PIC = NO;
				GCC_NO_COMMON_BLOCKS = YES;
				GCC_OPTIMIZATION_LEVEL = 0;
				GCC_PREPROCESSOR_DEFINITIONS = (
					"DEBUG=1",
					"$(inherited)",
				);
				GCC_WARN_64_TO_32_BIT_CONVERSION = YES;
				GCC_WARN_ABOUT_RETURN_TYPE = YES_ERROR;
				GCC_WARN_UNDECLARED_SELECTOR = YES;
				GCC_WARN_UNINITIALIZED_AUTOS = YES_AGGRESSIVE;
				GCC_WARN_UNUSED_FUNCTION = YES;
				GCC_WARN_UNUSED_VARIABLE = YES;
				IPHONEOS_DEPLOYMENT_TARGET = 18.0;
				LOCALIZATION_PREFERS_STRING_CATALOGS = YES;
				MTL_ENABLE_DEBUG_INFO = INCLUDE_SOURCE;
				MTL_FAST_MATH = YES;
				ONLY_ACTIVE_ARCH = YES;
				SDKROOT = iphoneos;
				SWIFT_ACTIVE_COMPILATION_CONDITIONS = "DEBUG $(inherited)";
				SWIFT_OPTIMIZATION_LEVEL = "-Onone";
			};
			name = Debug;
		};
		61BEC0BB2CD189750088D059 /* Release */ = {
			isa = XCBuildConfiguration;
			buildSettings = {
				ALWAYS_SEARCH_USER_PATHS = NO;
				ASSETCATALOG_COMPILER_GENERATE_SWIFT_ASSET_SYMBOL_EXTENSIONS = YES;
				CLANG_ANALYZER_NONNULL = YES;
				CLANG_ANALYZER_NUMBER_OBJECT_CONVERSION = YES_AGGRESSIVE;
				CLANG_CXX_LANGUAGE_STANDARD = "gnu++20";
				CLANG_ENABLE_MODULES = YES;
				CLANG_ENABLE_OBJC_ARC = YES;
				CLANG_ENABLE_OBJC_WEAK = YES;
				CLANG_WARN_BLOCK_CAPTURE_AUTORELEASING = YES;
				CLANG_WARN_BOOL_CONVERSION = YES;
				CLANG_WARN_COMMA = YES;
				CLANG_WARN_CONSTANT_CONVERSION = YES;
				CLANG_WARN_DEPRECATED_OBJC_IMPLEMENTATIONS = YES;
				CLANG_WARN_DIRECT_OBJC_ISA_USAGE = YES_ERROR;
				CLANG_WARN_DOCUMENTATION_COMMENTS = YES;
				CLANG_WARN_EMPTY_BODY = YES;
				CLANG_WARN_ENUM_CONVERSION = YES;
				CLANG_WARN_INFINITE_RECURSION = YES;
				CLANG_WARN_INT_CONVERSION = YES;
				CLANG_WARN_NON_LITERAL_NULL_CONVERSION = YES;
				CLANG_WARN_OBJC_IMPLICIT_RETAIN_SELF = YES;
				CLANG_WARN_OBJC_LITERAL_CONVERSION = YES;
				CLANG_WARN_OBJC_ROOT_CLASS = YES_ERROR;
				CLANG_WARN_QUOTED_INCLUDE_IN_FRAMEWORK_HEADER = YES;
				CLANG_WARN_RANGE_LOOP_ANALYSIS = YES;
				CLANG_WARN_STRICT_PROTOTYPES = YES;
				CLANG_WARN_SUSPICIOUS_MOVE = YES;
				CLANG_WARN_UNGUARDED_AVAILABILITY = YES_AGGRESSIVE;
				CLANG_WARN_UNREACHABLE_CODE = YES;
				CLANG_WARN__DUPLICATE_METHOD_MATCH = YES;
				COPY_PHASE_STRIP = NO;
				DEBUG_INFORMATION_FORMAT = "dwarf-with-dsym";
				ENABLE_NS_ASSERTIONS = NO;
				ENABLE_STRICT_OBJC_MSGSEND = YES;
				ENABLE_USER_SCRIPT_SANDBOXING = YES;
				GCC_C_LANGUAGE_STANDARD = gnu17;
				GCC_NO_COMMON_BLOCKS = YES;
				GCC_WARN_64_TO_32_BIT_CONVERSION = YES;
				GCC_WARN_ABOUT_RETURN_TYPE = YES_ERROR;
				GCC_WARN_UNDECLARED_SELECTOR = YES;
				GCC_WARN_UNINITIALIZED_AUTOS = YES_AGGRESSIVE;
				GCC_WARN_UNUSED_FUNCTION = YES;
				GCC_WARN_UNUSED_VARIABLE = YES;
				IPHONEOS_DEPLOYMENT_TARGET = 18.0;
				LOCALIZATION_PREFERS_STRING_CATALOGS = YES;
				MTL_ENABLE_DEBUG_INFO = NO;
				MTL_FAST_MATH = YES;
				SDKROOT = iphoneos;
				SWIFT_COMPILATION_MODE = wholemodule;
				VALIDATE_PRODUCT = YES;
			};
			name = Release;
		};
		61BEC0BD2CD189750088D059 /* Debug */ = {
			isa = XCBuildConfiguration;
			buildSettings = {
				ASSETCATALOG_COMPILER_APPICON_NAME = AppIcon;
				ASSETCATALOG_COMPILER_GLOBAL_ACCENT_COLOR_NAME = AccentColor;
				CODE_SIGN_STYLE = Automatic;
				CURRENT_PROJECT_VERSION = 1;
				DEVELOPMENT_ASSET_PATHS = "\"MIDTERMHarshit singh kohli/Preview Content\"";
				ENABLE_PREVIEWS = YES;
				GENERATE_INFOPLIST_FILE = YES;
				INFOPLIST_KEY_UIApplicationSceneManifest_Generation = YES;
				INFOPLIST_KEY_UIApplicationSupportsIndirectInputEvents = YES;
				INFOPLIST_KEY_UILaunchScreen_Generation = YES;
				INFOPLIST_KEY_UISupportedInterfaceOrientations_iPad = "UIInterfaceOrientationPortrait UIInterfaceOrientationPortraitUpsideDown UIInterfaceOrientationLandscapeLeft UIInterfaceOrientationLandscapeRight";
				INFOPLIST_KEY_UISupportedInterfaceOrientations_iPhone = "UIInterfaceOrientationPortrait UIInterfaceOrientationLandscapeLeft UIInterfaceOrientationLandscapeRight";
				LD_RUNPATH_SEARCH_PATHS = (
					"$(inherited)",
					"@executable_path/Frameworks",
				);
				MARKETING_VERSION = 1.0;
				PRODUCT_BUNDLE_IDENTIFIER = "harsh.MIDTERMHarshit-singh-kohli";
				PRODUCT_NAME = "$(TARGET_NAME)";
				SWIFT_EMIT_LOC_STRINGS = YES;
				SWIFT_VERSION = 5.0;
				TARGETED_DEVICE_FAMILY = "1,2";
			};
			name = Debug;
		};
		61BEC0BE2CD189750088D059 /* Release */ = {
			isa = XCBuildConfiguration;
			buildSettings = {
				ASSETCATALOG_COMPILER_APPICON_NAME = AppIcon;
				ASSETCATALOG_COMPILER_GLOBAL_ACCENT_COLOR_NAME = AccentColor;
				CODE_SIGN_STYLE = Automatic;
				CURRENT_PROJECT_VERSION = 1;
				DEVELOPMENT_ASSET_PATHS = "\"MIDTERMHarshit singh kohli/Preview Content\"";
				ENABLE_PREVIEWS = YES;
				GENERATE_INFOPLIST_FILE = YES;
				INFOPLIST_KEY_UIApplicationSceneManifest_Generation = YES;
				INFOPLIST_KEY_UIApplicationSupportsIndirectInputEvents = YES;
				INFOPLIST_KEY_UILaunchScreen_Generation = YES;
				INFOPLIST_KEY_UISupportedInterfaceOrientations_iPad = "UIInterfaceOrientationPortrait UIInterfaceOrientationPortraitUpsideDown UIInterfaceOrientationLandscapeLeft UIInterfaceOrientationLandscapeRight";
				INFOPLIST_KEY_UISupportedInterfaceOrientations_iPhone = "UIInterfaceOrientationPortrait UIInterfaceOrientationLandscapeLeft UIInterfaceOrientationLandscapeRight";
				LD_RUNPATH_SEARCH_PATHS = (
					"$(inherited)",
					"@executable_path/Frameworks",
				);
				MARKETING_VERSION = 1.0;
				PRODUCT_BUNDLE_IDENTIFIER = "harsh.MIDTERMHarshit-singh-kohli";
				PRODUCT_NAME = "$(TARGET_NAME)";
				SWIFT_EMIT_LOC_STRINGS = YES;
				SWIFT_VERSION = 5.0;
				TARGETED_DEVICE_FAMILY = "1,2";
			};
			name = Release;
		};
		61BEC0C02CD189750088D059 /* Debug */ = {
			isa = XCBuildConfiguration;
			buildSettings = {
				BUNDLE_LOADER = "$(TEST_HOST)";
				CODE_SIGN_STYLE = Automatic;
				CURRENT_PROJECT_VERSION = 1;
				GENERATE_INFOPLIST_FILE = YES;
				IPHONEOS_DEPLOYMENT_TARGET = 18.0;
				MARKETING_VERSION = 1.0;
				PRODUCT_BUNDLE_IDENTIFIER = "harsh.MIDTERMHarshit-singh-kohliTests";
				PRODUCT_NAME = "$(TARGET_NAME)";
				SWIFT_EMIT_LOC_STRINGS = NO;
				SWIFT_VERSION = 5.0;
				TARGETED_DEVICE_FAMILY = "1,2";
				TEST_HOST = "$(BUILT_PRODUCTS_DIR)/MIDTERMHarshit singh kohli.app/$(BUNDLE_EXECUTABLE_FOLDER_PATH)/MIDTERMHarshit singh kohli";
			};
			name = Debug;
		};
		61BEC0C12CD189750088D059 /* Release */ = {
			isa = XCBuildConfiguration;
			buildSettings = {
				BUNDLE_LOADER = "$(TEST_HOST)";
				CODE_SIGN_STYLE = Automatic;
				CURRENT_PROJECT_VERSION = 1;
				GENERATE_INFOPLIST_FILE = YES;
				IPHONEOS_DEPLOYMENT_TARGET = 18.0;
				MARKETING_VERSION = 1.0;
				PRODUCT_BUNDLE_IDENTIFIER = "harsh.MIDTERMHarshit-singh-kohliTests";
				PRODUCT_NAME = "$(TARGET_NAME)";
				SWIFT_EMIT_LOC_STRINGS = NO;
				SWIFT_VERSION = 5.0;
				TARGETED_DEVICE_FAMILY = "1,2";
				TEST_HOST = "$(BUILT_PRODUCTS_DIR)/MIDTERMHarshit singh kohli.app/$(BUNDLE_EXECUTABLE_FOLDER_PATH)/MIDTERMHarshit singh kohli";
			};
			name = Release;
		};
		61BEC0C32CD189750088D059 /* Debug */ = {
			isa = XCBuildConfiguration;
			buildSettings = {
				CODE_SIGN_STYLE = Automatic;
				CURRENT_PROJECT_VERSION = 1;
				GENERATE_INFOPLIST_FILE = YES;
				MARKETING_VERSION = 1.0;
				PRODUCT_BUNDLE_IDENTIFIER = "harsh.MIDTERMHarshit-singh-kohliUITests";
				PRODUCT_NAME = "$(TARGET_NAME)";
				SWIFT_EMIT_LOC_STRINGS = NO;
				SWIFT_VERSION = 5.0;
				TARGETED_DEVICE_FAMILY = "1,2";
				TEST_TARGET_NAME = "MIDTERMHarshit singh kohli";
			};
			name = Debug;
		};
		61BEC0C42CD189750088D059 /* Release */ = {
			isa = XCBuildConfiguration;
			buildSettings = {
				CODE_SIGN_STYLE = Automatic;
				CURRENT_PROJECT_VERSION = 1;
				GENERATE_INFOPLIST_FILE = YES;
				MARKETING_VERSION = 1.0;
				PRODUCT_BUNDLE_IDENTIFIER = "harsh.MIDTERMHarshit-singh-kohliUITests";
				PRODUCT_NAME = "$(TARGET_NAME)";
				SWIFT_EMIT_LOC_STRINGS = NO;
				SWIFT_VERSION = 5.0;
				TARGETED_DEVICE_FAMILY = "1,2";
				TEST_TARGET_NAME = "MIDTERMHarshit singh kohli";
			};
			name = Release;
		};
/* End XCBuildConfiguration section */

/* Begin XCConfigurationList section */
		61BEC0932CD189730088D059 /* Build configuration list for PBXProject "MIDTERMHarshit singh kohli" */ = {
			isa = XCConfigurationList;
			buildConfigurations = (
				61BEC0BA2CD189750088D059 /* Debug */,
				61BEC0BB2CD189750088D059 /* Release */,
			);
			defaultConfigurationIsVisible = 0;
			defaultConfigurationName = Release;
		};
		61BEC0BC2CD189750088D059 /* Build configuration list for PBXNativeTarget "MIDTERMHarshit singh kohli" */ = {
			isa = XCConfigurationList;
			buildConfigurations = (
				61BEC0BD2CD189750088D059 /* Debug */,
				61BEC0BE2CD189750088D059 /* Release */,
			);
			defaultConfigurationIsVisible = 0;
			defaultConfigurationName = Release;
		};
		61BEC0BF2CD189750088D059 /* Build configuration list for PBXNativeTarget "MIDTERMHarshit singh kohliTests" */ = {
			isa = XCConfigurationList;
			buildConfigurations = (
				61BEC0C02CD189750088D059 /* Debug */,
				61BEC0C12CD189750088D059 /* Release */,
			);
			defaultConfigurationIsVisible = 0;
			defaultConfigurationName = Release;
		};
		61BEC0C22CD189750088D059 /* Build configuration list for PBXNativeTarget "MIDTERMHarshit singh kohliUITests" */ = {
			isa = XCConfigurationList;
			buildConfigurations = (
				61BEC0C32CD189750088D059 /* Debug */,
				61BEC0C42CD189750088D059 /* Release */,
			);
			defaultConfigurationIsVisible = 0;
			defaultConfigurationName = Release;
		};
/* End XCConfigurationList section */
	};
	rootObject = 61BEC0902CD189730088D059 /* Project object */;
}
